{
  "name": "artPortfolio",
  "lockfileVersion": 3,
  "requires": true,
  "packages": {
    "": {
      "dependencies": {
        "@lottiefiles/dotlottie-web": "^0.54.0"
      }
    },
    "node_modules/@lottiefiles/dotlottie-web": {
      "version": "0.54.0",
      "resolved": "https://registry.npmjs.org/@lottiefiles/dotlottie-web/-/dotlottie-web-0.54.0.tgz",
      "integrity": "sha512-Jc/n4i9siOXo9/1CVhKkrWC8pxxsKqKwxYfrL4DFQP/cLUAeAO0TqFPQFx9Klh1m7T+/1RPFriycOcF8gW3ZtQ==",
      "license": "MIT"
    }
  }
}
